PODS:
  - Alamofire (4.6.0)
  - AncileStudyServerClient (0.2.0):
    - Alamofire (~> 4.0)
    - ResearchSuiteExtensions
    - ResearchSuiteTaskBuilder
  - Gloss (1.2.4)
  - GRMustache.swift (2.0.0)
  - MobileCacheSDK (0.1.0):
    - MobileCacheSDK/Core (= 0.1.0)
    - MobileCacheSDK/RSRPSupport (= 0.1.0)
    - MobileCacheSDK/RSTBSupport (= 0.1.0)
  - MobileCacheSDK/Core (0.1.0):
    - Alamofire (~> 4)
    - SecureQueue
  - MobileCacheSDK/RSRPSupport (0.1.0):
    - Gloss (~> 1)
    - MobileCacheSDK/Core
    - ResearchSuiteResultsProcessor (~> 0.8)
  - MobileCacheSDK/RSTBSupport (0.1.0):
    - Gloss (~> 1)
    - MobileCacheSDK/Core
    - ResearchSuiteExtensions (~> 0.7)
    - ResearchSuiteTaskBuilder
  - OMHClient (0.1.0):
    - Alamofire (~> 4.0)
  - ResearchKit (1.5.2)
  - ResearchSuiteAppFramework (0.0.3):
    - ResearchSuiteAppFramework/Core (= 0.0.3)
  - ResearchSuiteAppFramework/Core (0.0.3):
    - Gloss (~> 1.2)
    - ResearchKit (~> 1.4)
    - ResearchSuiteResultsProcessor (~> 0.3)
    - ResearchSuiteTaskBuilder (~> 0.5)
    - ReSwift (~> 3.0)
  - ResearchSuiteExtensions (0.9.0):
    - ResearchSuiteExtensions/Common (= 0.9.0)
    - ResearchSuiteExtensions/Core (= 0.9.0)
    - ResearchSuiteExtensions/RSTBSupport (= 0.9.0)
  - ResearchSuiteExtensions/Common (0.9.0):
    - ResearchKit (~> 1.4)
  - ResearchSuiteExtensions/Core (0.9.0):
    - ResearchKit (~> 1.4)
    - ResearchSuiteExtensions/Common
  - ResearchSuiteExtensions/RSTBSupport (0.9.0):
    - Gloss (~> 1)
    - GRMustache.swift (~> 2.0)
    - ResearchSuiteExtensions/Core
    - ResearchSuiteTaskBuilder (~> 0.4)
    - SwiftyMarkdown (~> 0.3)
  - ResearchSuiteResultsProcessor (0.8.0):
    - ResearchSuiteResultsProcessor/Core (= 0.8.0)
  - ResearchSuiteResultsProcessor/Core (0.8.0):
    - Gloss (~> 1.1)
    - ResearchKit (~> 1.3)
  - ResearchSuiteTaskBuilder (0.10.1):
    - Gloss (~> 1.1)
    - ResearchKit (~> 1.3)
  - ReSwift (3.0.0)
  - sdlrkx (0.15.0):
    - sdlrkx/Behavioral (= 0.15.0)
    - sdlrkx/Behavioral-RSRPOhmageBackend (= 0.15.0)
    - sdlrkx/Behavioral-RSRPSupport (= 0.15.0)
    - sdlrkx/Behavioral-RSTBSupport (= 0.15.0)
    - sdlrkx/Helpers (= 0.15.0)
    - sdlrkx/VSR (= 0.15.0)
    - sdlrkx/VSR-RSRPOhmageBackend (= 0.15.0)
    - sdlrkx/VSR-RSRPSupport (= 0.15.0)
    - sdlrkx/VSR-RSTBSupport (= 0.15.0)
  - sdlrkx/Behavioral (0.15.0):
    - ResearchKit (~> 1.4)
    - ResearchSuiteExtensions/Common (~> 0.1)
    - sdlrkx/Helpers
  - sdlrkx/Behavioral-RSRPOhmageBackend (0.15.0):
    - OMHClient
    - sdlrkx/Behavioral-RSRPSupport
  - sdlrkx/Behavioral-RSRPSupport (0.15.0):
    - ResearchKit (~> 1.4)
    - ResearchSuiteResultsProcessor (~> 0.2)
    - sdlrkx/Behavioral
  - sdlrkx/Behavioral-RSTBSupport (0.15.0):
    - Gloss (~> 1)
    - ResearchSuiteTaskBuilder (~> 0.4)
    - sdlrkx/Behavioral
  - sdlrkx/Helpers (0.15.0)
  - sdlrkx/VSR (0.15.0):
    - Gloss (~> 1)
    - ResearchKit (~> 1.4)
    - ResearchSuiteExtensions/Common (~> 0.1)
    - sdlrkx/Helpers
  - sdlrkx/VSR-RSRPOhmageBackend (0.15.0):
    - OMHClient
    - sdlrkx/VSR-RSRPSupport
  - sdlrkx/VSR-RSRPSupport (0.15.0):
    - ResearchKit (~> 1.4)
    - ResearchSuiteResultsProcessor (~> 0.2)
    - sdlrkx/VSR
  - sdlrkx/VSR-RSTBSupport (0.15.0):
    - Gloss (~> 1)
    - ResearchSuiteExtensions/Common (~> 0.1)
    - ResearchSuiteTaskBuilder (~> 0.4)
    - sdlrkx/VSR
  - SecureQueue (0.0.5)
  - SwiftyMarkdown (0.5.1)

DEPENDENCIES:
  - AncileStudyServerClient (from `https://github.com/cornelltech/AncileStudyServerClient-iOS.git`, tag `0.2.0`)
  - MobileCacheSDK (from `https://github.com/cornelltech/MobileCacheSDK-iOS`, tag `0.1.0`)
  - ResearchKit (~> 1.4)
  - ResearchSuiteAppFramework (from `https://github.com/ResearchSuite/ResearchSuiteAppFramework-iOS.git`, tag `0.0.3`)
  - ResearchSuiteExtensions (from `https://github.com/ResearchSuite/ResearchSuiteExtensions-iOS.git`, tag `0.9.0`)
  - ResearchSuiteResultsProcessor (from `https://github.com/ResearchSuite/ResearchSuiteResultsProcessor-ios`, tag `0.8.0`)
  - ResearchSuiteTaskBuilder (from `https://github.com/ResearchSuite/ResearchSuiteTaskBuilder-ios`, tag `0.10.1`)
  - sdlrkx

EXTERNAL SOURCES:
  AncileStudyServerClient:
    :git: https://github.com/cornelltech/AncileStudyServerClient-iOS.git
    :tag: 0.2.0
  MobileCacheSDK:
    :git: https://github.com/cornelltech/MobileCacheSDK-iOS
    :tag: 0.1.0
  ResearchSuiteAppFramework:
    :git: https://github.com/ResearchSuite/ResearchSuiteAppFramework-iOS.git
    :tag: 0.0.3
  ResearchSuiteExtensions:
    :git: https://github.com/ResearchSuite/ResearchSuiteExtensions-iOS.git
    :tag: 0.9.0
  ResearchSuiteResultsProcessor:
    :git: https://github.com/ResearchSuite/ResearchSuiteResultsProcessor-ios
    :tag: 0.8.0
  ResearchSuiteTaskBuilder:
    :git: https://github.com/ResearchSuite/ResearchSuiteTaskBuilder-ios
    :tag: 0.10.1

CHECKOUT OPTIONS:
  AncileStudyServerClient:
    :git: https://github.com/cornelltech/AncileStudyServerClient-iOS.git
    :tag: 0.2.0
  MobileCacheSDK:
    :git: https://github.com/cornelltech/MobileCacheSDK-iOS
    :tag: 0.1.0
  ResearchSuiteAppFramework:
    :git: https://github.com/ResearchSuite/ResearchSuiteAppFramework-iOS.git
    :tag: 0.0.3
  ResearchSuiteExtensions:
    :git: https://github.com/ResearchSuite/ResearchSuiteExtensions-iOS.git
    :tag: 0.9.0
  ResearchSuiteResultsProcessor:
    :git: https://github.com/ResearchSuite/ResearchSuiteResultsProcessor-ios
    :tag: 0.8.0
  ResearchSuiteTaskBuilder:
    :git: https://github.com/ResearchSuite/ResearchSuiteTaskBuilder-ios
    :tag: 0.10.1

SPEC CHECKSUMS:
  Alamofire: f41a599bd63041760b26d393ec1069d9d7b917f4
  AncileStudyServerClient: 8eff016baac540365ff50268e5b6c082205c97da
  Gloss: 4e036074610fdb993abcb958ebcd7332588e2333
  GRMustache.swift: 8a547c12bea16052071b2b540af83d770075f0eb
  MobileCacheSDK: 2325df51b1fb3f12a6ac8897dfab3320fbf983fc
  OMHClient: 0cf53a006075ccb5de616e5e870458d1e6b1ff68
  ResearchKit: a5770681dd61afddd3d1f24d232b9abf00cba454
  ResearchSuiteAppFramework: f5da445fc31186019090f0b7c036738de7535765
  ResearchSuiteExtensions: 73f548e4ffe8fd35664ffba0cde554f196185908
  ResearchSuiteResultsProcessor: 3d264125fc667cb0e11f21badd01b3ee2f02ad2c
  ResearchSuiteTaskBuilder: 7974ef104244c1b51589a30bf8eae3ab83010ea0
  ReSwift: f0255f4b4f2dacd12c5d97d34d13fc5dad6d6371
  sdlrkx: 4e075aaa9f1d8deff1076aab192c276f551c1324
  SecureQueue: 3aa95a5bba534c3aa938ae634333cbcf5919060b
  SwiftyMarkdown: 743af3e87931391bc4836b825fec3d98785b2e3a

PODFILE CHECKSUM: 7724e2831677a80d3656dc1f8eaca4f6cf543830

COCOAPODS: 1.3.1
