// !$*UTF8*$!
{
	archiveVersion = 1;
	classes = {
	};
	objectVersion = 46;
	objects = {

/* Begin PBXBuildFile section */
		15811D7A6487EE55677C0088 /* Pods_AncileContinuousLocationStudy.framework in Frameworks */ = {isa = PBXBuildFile; fileRef = 211FBE6F438F4A2E44471DAD /* Pods_AncileContinuousLocationStudy.framework */; };
		BBD6753E886B24DAF1543F9A /* Pods_AncileContinuousLocationStudyTests.framework in Frameworks */ = {isa = PBXBuildFile; fileRef = F90FFBA1A2E8B33DC8F4412F /* Pods_AncileContinuousLocationStudyTests.framework */; };
		CF02C0A91F27C33B00271928 /* Splash.storyboard in Resources */ = {isa = PBXBuildFile; fileRef = CF02C0A81F27C33B00271928 /* Splash.storyboard */; };
		CF02C0AC1F27CF7D00271928 /* LocationSample.swift in Sources */ = {isa = PBXBuildFile; fileRef = CF02C0AB1F27CF7D00271928 /* LocationSample.swift */; };
		CF02C0AE1F27CF9300271928 /* LogicalLocationSample.swift in Sources */ = {isa = PBXBuildFile; fileRef = CF02C0AD1F27CF9300271928 /* LogicalLocationSample.swift */; };
		CF02C0B11F27E16900271928 /* homeLocation.json in Resources */ = {isa = PBXBuildFile; fileRef = CF02C0AF1F27E16900271928 /* homeLocation.json */; };
		CF02C0B21F27E16900271928 /* workLocation.json in Resources */ = {isa = PBXBuildFile; fileRef = CF02C0B01F27E16900271928 /* workLocation.json */; };
		CF39FE5B1F2F91C50056E010 /* HealthKit.framework in Frameworks */ = {isa = PBXBuildFile; fileRef = CF39FE5A1F2F91C50056E010 /* HealthKit.framework */; };
		CF39FE5D1F2F92DD0056E010 /* SplashViewController.swift in Sources */ = {isa = PBXBuildFile; fileRef = CF39FE5C1F2F92DD0056E010 /* SplashViewController.swift */; };
		CF39FE5F1F2F92F50056E010 /* SettingsViewController.swift in Sources */ = {isa = PBXBuildFile; fileRef = CF39FE5E1F2F92F50056E010 /* SettingsViewController.swift */; };
		CFED4F741F267B7B006D9C22 /* Assets.xcassets in Resources */ = {isa = PBXBuildFile; fileRef = CFED4F731F267B7B006D9C22 /* Assets.xcassets */; };
		CFED4F771F267B7B006D9C22 /* LaunchScreen.storyboard in Resources */ = {isa = PBXBuildFile; fileRef = CFED4F751F267B7B006D9C22 /* LaunchScreen.storyboard */; };
		CFED4F821F267B7B006D9C22 /* AncileContinuousLocationStudyTests.swift in Sources */ = {isa = PBXBuildFile; fileRef = CFED4F811F267B7B006D9C22 /* AncileContinuousLocationStudyTests.swift */; };
		CFED4FA11F268459006D9C22 /* ANCActivity.swift in Sources */ = {isa = PBXBuildFile; fileRef = CFED4F8D1F268459006D9C22 /* ANCActivity.swift */; };
		CFED4FA21F268459006D9C22 /* ANCActivityManager.swift in Sources */ = {isa = PBXBuildFile; fileRef = CFED4F8E1F268459006D9C22 /* ANCActivityManager.swift */; };
		CFED4FA31F268459006D9C22 /* ANCAncileAuthDelegate.swift in Sources */ = {isa = PBXBuildFile; fileRef = CFED4F8F1F268459006D9C22 /* ANCAncileAuthDelegate.swift */; };
		CFED4FA41F268459006D9C22 /* ANCAuthStepGenerator.swift in Sources */ = {isa = PBXBuildFile; fileRef = CFED4F901F268459006D9C22 /* ANCAuthStepGenerator.swift */; };
		CFED4FA51F268459006D9C22 /* ANCConsentDocument.swift in Sources */ = {isa = PBXBuildFile; fileRef = CFED4F911F268459006D9C22 /* ANCConsentDocument.swift */; };
		CFED4FA61F268459006D9C22 /* ANCCoreAuthDelegate.swift in Sources */ = {isa = PBXBuildFile; fileRef = CFED4F921F268459006D9C22 /* ANCCoreAuthDelegate.swift */; };
		CFED4FA71F268459006D9C22 /* AncileStudyServerClient.swift in Sources */ = {isa = PBXBuildFile; fileRef = CFED4F931F268459006D9C22 /* AncileStudyServerClient.swift */; };
		CFED4FA81F268459006D9C22 /* AncileStudyServerClientError.swift in Sources */ = {isa = PBXBuildFile; fileRef = CFED4F941F268459006D9C22 /* AncileStudyServerClientError.swift */; };
		CFED4FA91F268459006D9C22 /* ANCOhmageAuthDelegate.swift in Sources */ = {isa = PBXBuildFile; fileRef = CFED4F951F268459006D9C22 /* ANCOhmageAuthDelegate.swift */; };
		CFED4FAA1F268459006D9C22 /* ANCOnboardingViewController.swift in Sources */ = {isa = PBXBuildFile; fileRef = CFED4F961F268459006D9C22 /* ANCOnboardingViewController.swift */; };
		CFED4FAB1F268459006D9C22 /* ANCOpenURLDelegate.swift in Sources */ = {isa = PBXBuildFile; fileRef = CFED4F971F268459006D9C22 /* ANCOpenURLDelegate.swift */; };
		CFED4FAC1F268459006D9C22 /* ANCOpenURLManager.swift in Sources */ = {isa = PBXBuildFile; fileRef = CFED4F981F268459006D9C22 /* ANCOpenURLManager.swift */; };
		CFED4FAD1F268459006D9C22 /* ANCRedirectStep.swift in Sources */ = {isa = PBXBuildFile; fileRef = CFED4F991F268459006D9C22 /* ANCRedirectStep.swift */; };
		CFED4FAE1F268459006D9C22 /* ANCRedirectStepDelegate.swift in Sources */ = {isa = PBXBuildFile; fileRef = CFED4F9A1F268459006D9C22 /* ANCRedirectStepDelegate.swift */; };
		CFED4FAF1F268459006D9C22 /* ANCRedirectStepDescriptor.swift in Sources */ = {isa = PBXBuildFile; fileRef = CFED4F9B1F268459006D9C22 /* ANCRedirectStepDescriptor.swift */; };
		CFED4FB01F268459006D9C22 /* ANCRedirectStepViewController.swift in Sources */ = {isa = PBXBuildFile; fileRef = CFED4F9C1F268459006D9C22 /* ANCRedirectStepViewController.swift */; };
		CFED4FB11F268459006D9C22 /* ANCStore.swift in Sources */ = {isa = PBXBuildFile; fileRef = CFED4F9D1F268459006D9C22 /* ANCStore.swift */; };
		CFED4FB21F268459006D9C22 /* ANCWeeklySurveyResult.swift in Sources */ = {isa = PBXBuildFile; fileRef = CFED4F9E1F268459006D9C22 /* ANCWeeklySurveyResult.swift */; };
		CFED4FB31F268459006D9C22 /* ANCWeeklySurveyResult+OMHDatapoint.swift in Sources */ = {isa = PBXBuildFile; fileRef = CFED4F9F1F268459006D9C22 /* ANCWeeklySurveyResult+OMHDatapoint.swift */; };
		CFED4FB41F268459006D9C22 /* AppDelegate.swift in Sources */ = {isa = PBXBuildFile; fileRef = CFED4FA01F268459006D9C22 /* AppDelegate.swift */; };
		CFED4FB71F26847A006D9C22 /* Main.storyboard in Resources */ = {isa = PBXBuildFile; fileRef = CFED4FB51F26847A006D9C22 /* Main.storyboard */; };
		CFED4FBC1F268B75006D9C22 /* OMHClient.plist in Resources */ = {isa = PBXBuildFile; fileRef = CFED4FBB1F268B75006D9C22 /* OMHClient.plist */; };
		CFED4FC21F268C5D006D9C22 /* activities.json in Resources */ = {isa = PBXBuildFile; fileRef = CFED4FBF1F268C5D006D9C22 /* activities.json */; };
		CFED4FC31F268C5D006D9C22 /* consentInfo.json in Resources */ = {isa = PBXBuildFile; fileRef = CFED4FC01F268C5D006D9C22 /* consentInfo.json */; };
		CFED4FC41F268C5D006D9C22 /* weeklySurvey.json in Resources */ = {isa = PBXBuildFile; fileRef = CFED4FC11F268C5D006D9C22 /* weeklySurvey.json */; };
/* End PBXBuildFile section */

/* Begin PBXContainerItemProxy section */
		CFED4F7E1F267B7B006D9C22 /* PBXContainerItemProxy */ = {
			isa = PBXContainerItemProxy;
			containerPortal = CFED4F5E1F267B7B006D9C22 /* Project object */;
			proxyType = 1;
			remoteGlobalIDString = CFED4F651F267B7B006D9C22;
			remoteInfo = AncileContinuousLocationStudy;
		};
/* End PBXContainerItemProxy section */

/* Begin PBXFileReference section */
		079F68772BAB09D5BB865050 /* Pods-AncileContinuousLocationStudyTests.release.xcconfig */ = {isa = PBXFileReference; includeInIndex = 1; lastKnownFileType = text.xcconfig; name = "Pods-AncileContinuousLocationStudyTests.release.xcconfig"; path = "Pods/Target Support Files/Pods-AncileContinuousLocationStudyTests/Pods-AncileContinuousLocationStudyTests.release.xcconfig"; sourceTree = "<group>"; };
		211FBE6F438F4A2E44471DAD /* Pods_AncileContinuousLocationStudy.framework */ = {isa = PBXFileReference; explicitFileType = wrapper.framework; includeInIndex = 0; path = Pods_AncileContinuousLocationStudy.framework; sourceTree = BUILT_PRODUCTS_DIR; };
		7680DD60C8DBC67ABE7E3462 /* Pods-AncileContinuousLocationStudyTests.debug.xcconfig */ = {isa = PBXFileReference; includeInIndex = 1; lastKnownFileType = text.xcconfig; name = "Pods-AncileContinuousLocationStudyTests.debug.xcconfig"; path = "Pods/Target Support Files/Pods-AncileContinuousLocationStudyTests/Pods-AncileContinuousLocationStudyTests.debug.xcconfig"; sourceTree = "<group>"; };
		A7B58343BD429343C7BD1AD6 /* Pods-AncileContinuousLocationStudy.release.xcconfig */ = {isa = PBXFileReference; includeInIndex = 1; lastKnownFileType = text.xcconfig; name = "Pods-AncileContinuousLocationStudy.release.xcconfig"; path = "Pods/Target Support Files/Pods-AncileContinuousLocationStudy/Pods-AncileContinuousLocationStudy.release.xcconfig"; sourceTree = "<group>"; };
		C98F9C652BEF0774A2DD9E8A /* Pods-AncileContinuousLocationStudy.debug.xcconfig */ = {isa = PBXFileReference; includeInIndex = 1; lastKnownFileType = text.xcconfig; name = "Pods-AncileContinuousLocationStudy.debug.xcconfig"; path = "Pods/Target Support Files/Pods-AncileContinuousLocationStudy/Pods-AncileContinuousLocationStudy.debug.xcconfig"; sourceTree = "<group>"; };
		CF02C0A81F27C33B00271928 /* Splash.storyboard */ = {isa = PBXFileReference; fileEncoding = 4; lastKnownFileType = file.storyboard; path = Splash.storyboard; sourceTree = "<group>"; };
		CF02C0AB1F27CF7D00271928 /* LocationSample.swift */ = {isa = PBXFileReference; fileEncoding = 4; lastKnownFileType = sourcecode.swift; name = LocationSample.swift; path = AncileContinuousLocationStudy/LocationSample.swift; sourceTree = "<group>"; };
		CF02C0AD1F27CF9300271928 /* LogicalLocationSample.swift */ = {isa = PBXFileReference; fileEncoding = 4; lastKnownFileType = sourcecode.swift; name = LogicalLocationSample.swift; path = AncileContinuousLocationStudy/LogicalLocationSample.swift; sourceTree = "<group>"; };
		CF02C0AF1F27E16900271928 /* homeLocation.json */ = {isa = PBXFileReference; fileEncoding = 4; lastKnownFileType = text.json; path = homeLocation.json; sourceTree = "<group>"; };
		CF02C0B01F27E16900271928 /* workLocation.json */ = {isa = PBXFileReference; fileEncoding = 4; lastKnownFileType = text.json; path = workLocation.json; sourceTree = "<group>"; };
		CF39FE591F2F91C50056E010 /* AncileContinuousLocationStudy.entitlements */ = {isa = PBXFileReference; lastKnownFileType = text.plist.entitlements; path = AncileContinuousLocationStudy.entitlements; sourceTree = "<group>"; };
		CF39FE5A1F2F91C50056E010 /* HealthKit.framework */ = {isa = PBXFileReference; lastKnownFileType = wrapper.framework; name = HealthKit.framework; path = System/Library/Frameworks/HealthKit.framework; sourceTree = SDKROOT; };
		CF39FE5C1F2F92DD0056E010 /* SplashViewController.swift */ = {isa = PBXFileReference; fileEncoding = 4; lastKnownFileType = sourcecode.swift; path = SplashViewController.swift; sourceTree = "<group>"; };
		CF39FE5E1F2F92F50056E010 /* SettingsViewController.swift */ = {isa = PBXFileReference; fileEncoding = 4; lastKnownFileType = sourcecode.swift; path = SettingsViewController.swift; sourceTree = "<group>"; };
		CFED4F661F267B7B006D9C22 /* AncileContinuousLocationStudy.app */ = {isa = PBXFileReference; explicitFileType = wrapper.application; includeInIndex = 0; path = AncileContinuousLocationStudy.app; sourceTree = BUILT_PRODUCTS_DIR; };
		CFED4F731F267B7B006D9C22 /* Assets.xcassets */ = {isa = PBXFileReference; lastKnownFileType = folder.assetcatalog; path = Assets.xcassets; sourceTree = "<group>"; };
		CFED4F761F267B7B006D9C22 /* Base */ = {isa = PBXFileReference; lastKnownFileType = file.storyboard; name = Base; path = Base.lproj/LaunchScreen.storyboard; sourceTree = "<group>"; };
		CFED4F781F267B7B006D9C22 /* Info.plist */ = {isa = PBXFileReference; lastKnownFileType = text.plist.xml; path = Info.plist; sourceTree = "<group>"; };
		CFED4F7D1F267B7B006D9C22 /* AncileContinuousLocationStudyTests.xctest */ = {isa = PBXFileReference; explicitFileType = wrapper.cfbundle; includeInIndex = 0; path = AncileContinuousLocationStudyTests.xctest; sourceTree = BUILT_PRODUCTS_DIR; };
		CFED4F811F267B7B006D9C22 /* AncileContinuousLocationStudyTests.swift */ = {isa = PBXFileReference; lastKnownFileType = sourcecode.swift; path = AncileContinuousLocationStudyTests.swift; sourceTree = "<group>"; };
		CFED4F831F267B7B006D9C22 /* Info.plist */ = {isa = PBXFileReference; lastKnownFileType = text.plist.xml; path = Info.plist; sourceTree = "<group>"; };
		CFED4F8D1F268459006D9C22 /* ANCActivity.swift */ = {isa = PBXFileReference; fileEncoding = 4; lastKnownFileType = sourcecode.swift; path = ANCActivity.swift; sourceTree = "<group>"; };
		CFED4F8E1F268459006D9C22 /* ANCActivityManager.swift */ = {isa = PBXFileReference; fileEncoding = 4; lastKnownFileType = sourcecode.swift; path = ANCActivityManager.swift; sourceTree = "<group>"; };
		CFED4F8F1F268459006D9C22 /* ANCAncileAuthDelegate.swift */ = {isa = PBXFileReference; fileEncoding = 4; lastKnownFileType = sourcecode.swift; path = ANCAncileAuthDelegate.swift; sourceTree = "<group>"; };
		CFED4F901F268459006D9C22 /* ANCAuthStepGenerator.swift */ = {isa = PBXFileReference; fileEncoding = 4; lastKnownFileType = sourcecode.swift; path = ANCAuthStepGenerator.swift; sourceTree = "<group>"; };
		CFED4F911F268459006D9C22 /* ANCConsentDocument.swift */ = {isa = PBXFileReference; fileEncoding = 4; lastKnownFileType = sourcecode.swift; path = ANCConsentDocument.swift; sourceTree = "<group>"; };
		CFED4F921F268459006D9C22 /* ANCCoreAuthDelegate.swift */ = {isa = PBXFileReference; fileEncoding = 4; lastKnownFileType = sourcecode.swift; path = ANCCoreAuthDelegate.swift; sourceTree = "<group>"; };
		CFED4F931F268459006D9C22 /* AncileStudyServerClient.swift */ = {isa = PBXFileReference; fileEncoding = 4; lastKnownFileType = sourcecode.swift; path = AncileStudyServerClient.swift; sourceTree = "<group>"; };
		CFED4F941F268459006D9C22 /* AncileStudyServerClientError.swift */ = {isa = PBXFileReference; fileEncoding = 4; lastKnownFileType = sourcecode.swift; path = AncileStudyServerClientError.swift; sourceTree = "<group>"; };
		CFED4F951F268459006D9C22 /* ANCOhmageAuthDelegate.swift */ = {isa = PBXFileReference; fileEncoding = 4; lastKnownFileType = sourcecode.swift; path = ANCOhmageAuthDelegate.swift; sourceTree = "<group>"; };
		CFED4F961F268459006D9C22 /* ANCOnboardingViewController.swift */ = {isa = PBXFileReference; fileEncoding = 4; lastKnownFileType = sourcecode.swift; path = ANCOnboardingViewController.swift; sourceTree = "<group>"; };
		CFED4F971F268459006D9C22 /* ANCOpenURLDelegate.swift */ = {isa = PBXFileReference; fileEncoding = 4; lastKnownFileType = sourcecode.swift; path = ANCOpenURLDelegate.swift; sourceTree = "<group>"; };
		CFED4F981F268459006D9C22 /* ANCOpenURLManager.swift */ = {isa = PBXFileReference; fileEncoding = 4; lastKnownFileType = sourcecode.swift; path = ANCOpenURLManager.swift; sourceTree = "<group>"; };
		CFED4F991F268459006D9C22 /* ANCRedirectStep.swift */ = {isa = PBXFileReference; fileEncoding = 4; lastKnownFileType = sourcecode.swift; path = ANCRedirectStep.swift; sourceTree = "<group>"; };
		CFED4F9A1F268459006D9C22 /* ANCRedirectStepDelegate.swift */ = {isa = PBXFileReference; fileEncoding = 4; lastKnownFileType = sourcecode.swift; path = ANCRedirectStepDelegate.swift; sourceTree = "<group>"; };
		CFED4F9B1F268459006D9C22 /* ANCRedirectStepDescriptor.swift */ = {isa = PBXFileReference; fileEncoding = 4; lastKnownFileType = sourcecode.swift; path = ANCRedirectStepDescriptor.swift; sourceTree = "<group>"; };
		CFED4F9C1F268459006D9C22 /* ANCRedirectStepViewController.swift */ = {isa = PBXFileReference; fileEncoding = 4; lastKnownFileType = sourcecode.swift; path = ANCRedirectStepViewController.swift; sourceTree = "<group>"; };
		CFED4F9D1F268459006D9C22 /* ANCStore.swift */ = {isa = PBXFileReference; fileEncoding = 4; lastKnownFileType = sourcecode.swift; path = ANCStore.swift; sourceTree = "<group>"; };
		CFED4F9E1F268459006D9C22 /* ANCWeeklySurveyResult.swift */ = {isa = PBXFileReference; fileEncoding = 4; lastKnownFileType = sourcecode.swift; path = ANCWeeklySurveyResult.swift; sourceTree = "<group>"; };
		CFED4F9F1F268459006D9C22 /* ANCWeeklySurveyResult+OMHDatapoint.swift */ = {isa = PBXFileReference; fileEncoding = 4; lastKnownFileType = sourcecode.swift; path = "ANCWeeklySurveyResult+OMHDatapoint.swift"; sourceTree = "<group>"; };
		CFED4FA01F268459006D9C22 /* AppDelegate.swift */ = {isa = PBXFileReference; fileEncoding = 4; lastKnownFileType = sourcecode.swift; path = AppDelegate.swift; sourceTree = "<group>"; };
		CFED4FB61F26847A006D9C22 /* Base */ = {isa = PBXFileReference; lastKnownFileType = file.storyboard; name = Base; path = Base.lproj/Main.storyboard; sourceTree = "<group>"; };
		CFED4FBB1F268B75006D9C22 /* OMHClient.plist */ = {isa = PBXFileReference; fileEncoding = 4; lastKnownFileType = text.plist.xml; path = OMHClient.plist; sourceTree = "<group>"; };
		CFED4FBF1F268C5D006D9C22 /* activities.json */ = {isa = PBXFileReference; fileEncoding = 4; lastKnownFileType = text.json; path = activities.json; sourceTree = "<group>"; };
		CFED4FC01F268C5D006D9C22 /* consentInfo.json */ = {isa = PBXFileReference; fileEncoding = 4; lastKnownFileType = text.json; path = consentInfo.json; sourceTree = "<group>"; };
		CFED4FC11F268C5D006D9C22 /* weeklySurvey.json */ = {isa = PBXFileReference; fileEncoding = 4; lastKnownFileType = text.json; path = weeklySurvey.json; sourceTree = "<group>"; };
		F90FFBA1A2E8B33DC8F4412F /* Pods_AncileContinuousLocationStudyTests.framework */ = {isa = PBXFileReference; explicitFileType = wrapper.framework; includeInIndex = 0; path = Pods_AncileContinuousLocationStudyTests.framework; sourceTree = BUILT_PRODUCTS_DIR; };
/* End PBXFileReference section */

/* Begin PBXFrameworksBuildPhase section */
		CFED4F631F267B7B006D9C22 /* Frameworks */ = {
			isa = PBXFrameworksBuildPhase;
			buildActionMask = 2147483647;
			files = (
				15811D7A6487EE55677C0088 /* Pods_AncileContinuousLocationStudy.framework in Frameworks */,
				CF39FE5B1F2F91C50056E010 /* HealthKit.framework in Frameworks */,
			);
			runOnlyForDeploymentPostprocessing = 0;
		};
		CFED4F7A1F267B7B006D9C22 /* Frameworks */ = {
			isa = PBXFrameworksBuildPhase;
			buildActionMask = 2147483647;
			files = (
				BBD6753E886B24DAF1543F9A /* Pods_AncileContinuousLocationStudyTests.framework in Frameworks */,
			);
			runOnlyForDeploymentPostprocessing = 0;
		};
/* End PBXFrameworksBuildPhase section */

/* Begin PBXGroup section */
		1BD5C8998BD9EF4850C974A3 /* Pods */ = {
			isa = PBXGroup;
			children = (
				C98F9C652BEF0774A2DD9E8A /* Pods-AncileContinuousLocationStudy.debug.xcconfig */,
				A7B58343BD429343C7BD1AD6 /* Pods-AncileContinuousLocationStudy.release.xcconfig */,
				7680DD60C8DBC67ABE7E3462 /* Pods-AncileContinuousLocationStudyTests.debug.xcconfig */,
				079F68772BAB09D5BB865050 /* Pods-AncileContinuousLocationStudyTests.release.xcconfig */,
			);
			name = Pods;
			sourceTree = "<group>";
		};
		72B8A41676130098A8D0AE40 /* Frameworks */ = {
			isa = PBXGroup;
			children = (
				CF39FE5A1F2F91C50056E010 /* HealthKit.framework */,
				211FBE6F438F4A2E44471DAD /* Pods_AncileContinuousLocationStudy.framework */,
				F90FFBA1A2E8B33DC8F4412F /* Pods_AncileContinuousLocationStudyTests.framework */,
			);
			name = Frameworks;
			sourceTree = "<group>";
		};
		CF02C0AA1F27CD1000271928 /* Location */ = {
			isa = PBXGroup;
			children = (
				CF02C0AD1F27CF9300271928 /* LogicalLocationSample.swift */,
				CF02C0AB1F27CF7D00271928 /* LocationSample.swift */,
			);
			name = Location;
			path = ..;
			sourceTree = "<group>";
		};
		CFED4F5D1F267B7B006D9C22 = {
			isa = PBXGroup;
			children = (
				CFED4F681F267B7B006D9C22 /* AncileContinuousLocationStudy */,
				CFED4F801F267B7B006D9C22 /* AncileContinuousLocationStudyTests */,
				CFED4F671F267B7B006D9C22 /* Products */,
				1BD5C8998BD9EF4850C974A3 /* Pods */,
				72B8A41676130098A8D0AE40 /* Frameworks */,
			);
			sourceTree = "<group>";
		};
		CFED4F671F267B7B006D9C22 /* Products */ = {
			isa = PBXGroup;
			children = (
				CFED4F661F267B7B006D9C22 /* AncileContinuousLocationStudy.app */,
				CFED4F7D1F267B7B006D9C22 /* AncileContinuousLocationStudyTests.xctest */,
			);
			name = Products;
			sourceTree = "<group>";
		};
		CFED4F681F267B7B006D9C22 /* AncileContinuousLocationStudy */ = {
			isa = PBXGroup;
			children = (
				CF39FE591F2F91C50056E010 /* AncileContinuousLocationStudy.entitlements */,
				CFED4FBD1F268BF1006D9C22 /* config */,
				CF02C0AA1F27CD1000271928 /* Location */,
				CFED4FBA1F268623006D9C22 /* Ancile */,
				CFED4FB91F26860D006D9C22 /* Support Files */,
				CFED4FB81F268600006D9C22 /* Storyboards */,
				CFED4FA01F268459006D9C22 /* AppDelegate.swift */,
				CF39FE5C1F2F92DD0056E010 /* SplashViewController.swift */,
				CF39FE5E1F2F92F50056E010 /* SettingsViewController.swift */,
			);
			path = AncileContinuousLocationStudy;
			sourceTree = "<group>";
		};
		CFED4F801F267B7B006D9C22 /* AncileContinuousLocationStudyTests */ = {
			isa = PBXGroup;
			children = (
				CFED4F811F267B7B006D9C22 /* AncileContinuousLocationStudyTests.swift */,
				CFED4F831F267B7B006D9C22 /* Info.plist */,
			);
			path = AncileContinuousLocationStudyTests;
			sourceTree = "<group>";
		};
		CFED4FB81F268600006D9C22 /* Storyboards */ = {
			isa = PBXGroup;
			children = (
				CFED4FB51F26847A006D9C22 /* Main.storyboard */,
				CFED4F751F267B7B006D9C22 /* LaunchScreen.storyboard */,
				CF02C0A81F27C33B00271928 /* Splash.storyboard */,
			);
			name = Storyboards;
			sourceTree = "<group>";
		};
		CFED4FB91F26860D006D9C22 /* Support Files */ = {
			isa = PBXGroup;
			children = (
				CFED4FBB1F268B75006D9C22 /* OMHClient.plist */,
				CFED4F731F267B7B006D9C22 /* Assets.xcassets */,
				CFED4F781F267B7B006D9C22 /* Info.plist */,
			);
			name = "Support Files";
			sourceTree = "<group>";
		};
		CFED4FBA1F268623006D9C22 /* Ancile */ = {
			isa = PBXGroup;
			children = (
				CFED4F8D1F268459006D9C22 /* ANCActivity.swift */,
				CFED4F8E1F268459006D9C22 /* ANCActivityManager.swift */,
				CFED4F8F1F268459006D9C22 /* ANCAncileAuthDelegate.swift */,
				CFED4F901F268459006D9C22 /* ANCAuthStepGenerator.swift */,
				CFED4F911F268459006D9C22 /* ANCConsentDocument.swift */,
				CFED4F921F268459006D9C22 /* ANCCoreAuthDelegate.swift */,
				CFED4F931F268459006D9C22 /* AncileStudyServerClient.swift */,
				CFED4F941F268459006D9C22 /* AncileStudyServerClientError.swift */,
				CFED4F951F268459006D9C22 /* ANCOhmageAuthDelegate.swift */,
				CFED4F961F268459006D9C22 /* ANCOnboardingViewController.swift */,
				CFED4F971F268459006D9C22 /* ANCOpenURLDelegate.swift */,
				CFED4F981F268459006D9C22 /* ANCOpenURLManager.swift */,
				CFED4F991F268459006D9C22 /* ANCRedirectStep.swift */,
				CFED4F9A1F268459006D9C22 /* ANCRedirectStepDelegate.swift */,
				CFED4F9B1F268459006D9C22 /* ANCRedirectStepDescriptor.swift */,
				CFED4F9C1F268459006D9C22 /* ANCRedirectStepViewController.swift */,
				CFED4F9D1F268459006D9C22 /* ANCStore.swift */,
				CFED4F9E1F268459006D9C22 /* ANCWeeklySurveyResult.swift */,
				CFED4F9F1F268459006D9C22 /* ANCWeeklySurveyResult+OMHDatapoint.swift */,
			);
			name = Ancile;
			sourceTree = "<group>";
		};
		CFED4FBD1F268BF1006D9C22 /* config */ = {
			isa = PBXGroup;
			children = (
				CFED4FBE1F268BF8006D9C22 /* json */,
			);
			name = config;
			sourceTree = "<group>";
		};
		CFED4FBE1F268BF8006D9C22 /* json */ = {
			isa = PBXGroup;
			children = (
				CF02C0AF1F27E16900271928 /* homeLocation.json */,
				CF02C0B01F27E16900271928 /* workLocation.json */,
				CFED4FBF1F268C5D006D9C22 /* activities.json */,
				CFED4FC01F268C5D006D9C22 /* consentInfo.json */,
				CFED4FC11F268C5D006D9C22 /* weeklySurvey.json */,
			);
			name = json;
			sourceTree = "<group>";
		};
/* End PBXGroup section */

/* Begin PBXNativeTarget section */
		CFED4F651F267B7B006D9C22 /* AncileContinuousLocationStudy */ = {
			isa = PBXNativeTarget;
			buildConfigurationList = CFED4F861F267B7B006D9C22 /* Build configuration list for PBXNativeTarget "AncileContinuousLocationStudy" */;
			buildPhases = (
				A00358E695B5D790781D2A53 /* [CP] Check Pods Manifest.lock */,
				CFED4F621F267B7B006D9C22 /* Sources */,
				CFED4F631F267B7B006D9C22 /* Frameworks */,
				CFED4F641F267B7B006D9C22 /* Resources */,
				EA0D497DAC9EAAB074AD2E12 /* [CP] Embed Pods Frameworks */,
				ED56FDD4830E1DD9E3574FC2 /* [CP] Copy Pods Resources */,
			);
			buildRules = (
			);
			dependencies = (
			);
			name = AncileContinuousLocationStudy;
			productName = AncileContinuousLocationStudy;
			productReference = CFED4F661F267B7B006D9C22 /* AncileContinuousLocationStudy.app */;
			productType = "com.apple.product-type.application";
		};
		CFED4F7C1F267B7B006D9C22 /* AncileContinuousLocationStudyTests */ = {
			isa = PBXNativeTarget;
			buildConfigurationList = CFED4F891F267B7B006D9C22 /* Build configuration list for PBXNativeTarget "AncileContinuousLocationStudyTests" */;
			buildPhases = (
				99E89B2BB39F2754371AD344 /* [CP] Check Pods Manifest.lock */,
				CFED4F791F267B7B006D9C22 /* Sources */,
				CFED4F7A1F267B7B006D9C22 /* Frameworks */,
				CFED4F7B1F267B7B006D9C22 /* Resources */,
				DE2739B3A85F0156F2DDA43C /* [CP] Embed Pods Frameworks */,
				263C21DA9982B3C6F160D0C8 /* [CP] Copy Pods Resources */,
			);
			buildRules = (
			);
			dependencies = (
				CFED4F7F1F267B7B006D9C22 /* PBXTargetDependency */,
			);
			name = AncileContinuousLocationStudyTests;
			productName = AncileContinuousLocationStudyTests;
			productReference = CFED4F7D1F267B7B006D9C22 /* AncileContinuousLocationStudyTests.xctest */;
			productType = "com.apple.product-type.bundle.unit-test";
		};
/* End PBXNativeTarget section */

/* Begin PBXProject section */
		CFED4F5E1F267B7B006D9C22 /* Project object */ = {
			isa = PBXProject;
			attributes = {
				LastSwiftUpdateCheck = 0830;
				LastUpgradeCheck = 0830;
				ORGANIZATIONNAME = "Christina Tsangouri";
				TargetAttributes = {
					CFED4F651F267B7B006D9C22 = {
						CreatedOnToolsVersion = 8.3.3;
						DevelopmentTeam = E8AN4S9FD3;
						LastSwiftMigration = 0830;
						ProvisioningStyle = Automatic;
						SystemCapabilities = {
							com.apple.HealthKit = {
								enabled = 1;
							};
						};
					};
					CFED4F7C1F267B7B006D9C22 = {
						CreatedOnToolsVersion = 8.3.3;
						LastSwiftMigration = 0830;
						ProvisioningStyle = Automatic;
						TestTargetID = CFED4F651F267B7B006D9C22;
					};
				};
			};
			buildConfigurationList = CFED4F611F267B7B006D9C22 /* Build configuration list for PBXProject "AncileContinuousLocationStudy" */;
			compatibilityVersion = "Xcode 3.2";
			developmentRegion = English;
			hasScannedForEncodings = 0;
			knownRegions = (
				en,
				Base,
			);
			mainGroup = CFED4F5D1F267B7B006D9C22;
			productRefGroup = CFED4F671F267B7B006D9C22 /* Products */;
			projectDirPath = "";
			projectRoot = "";
			targets = (
				CFED4F651F267B7B006D9C22 /* AncileContinuousLocationStudy */,
				CFED4F7C1F267B7B006D9C22 /* AncileContinuousLocationStudyTests */,
			);
		};
/* End PBXProject section */

/* Begin PBXResourcesBuildPhase section */
		CFED4F641F267B7B006D9C22 /* Resources */ = {
			isa = PBXResourcesBuildPhase;
			buildActionMask = 2147483647;
			files = (
				CFED4FBC1F268B75006D9C22 /* OMHClient.plist in Resources */,
				CFED4FC41F268C5D006D9C22 /* weeklySurvey.json in Resources */,
				CFED4FC21F268C5D006D9C22 /* activities.json in Resources */,
				CF02C0A91F27C33B00271928 /* Splash.storyboard in Resources */,
				CF02C0B11F27E16900271928 /* homeLocation.json in Resources */,
				CFED4FB71F26847A006D9C22 /* Main.storyboard in Resources */,
				CFED4F771F267B7B006D9C22 /* LaunchScreen.storyboard in Resources */,
				CFED4FC31F268C5D006D9C22 /* consentInfo.json in Resources */,
				CFED4F741F267B7B006D9C22 /* Assets.xcassets in Resources */,
				CF02C0B21F27E16900271928 /* workLocation.json in Resources */,
			);
			runOnlyForDeploymentPostprocessing = 0;
		};
		CFED4F7B1F267B7B006D9C22 /* Resources */ = {
			isa = PBXResourcesBuildPhase;
			buildActionMask = 2147483647;
			files = (
			);
			runOnlyForDeploymentPostprocessing = 0;
		};
/* End PBXResourcesBuildPhase section */

/* Begin PBXShellScriptBuildPhase section */
		263C21DA9982B3C6F160D0C8 /* [CP] Copy Pods Resources */ = {
			isa = PBXShellScriptBuildPhase;
			buildActionMask = 2147483647;
			files = (
			);
			inputPaths = (
			);
			name = "[CP] Copy Pods Resources";
			outputPaths = (
			);
			runOnlyForDeploymentPostprocessing = 0;
			shellPath = /bin/sh;
			shellScript = "\"${SRCROOT}/Pods/Target Support Files/Pods-AncileContinuousLocationStudyTests/Pods-AncileContinuousLocationStudyTests-resources.sh\"\n";
			showEnvVarsInLog = 0;
		};
		99E89B2BB39F2754371AD344 /* [CP] Check Pods Manifest.lock */ = {
			isa = PBXShellScriptBuildPhase;
			buildActionMask = 2147483647;
			files = (
			);
			inputPaths = (
			);
			name = "[CP] Check Pods Manifest.lock";
			outputPaths = (
			);
			runOnlyForDeploymentPostprocessing = 0;
			shellPath = /bin/sh;
			shellScript = "diff \"${PODS_ROOT}/../Podfile.lock\" \"${PODS_ROOT}/Manifest.lock\" > /dev/null\nif [[ $? != 0 ]] ; then\n    cat << EOM\nerror: The sandbox is not in sync with the Podfile.lock. Run 'pod install' or update your CocoaPods installation.\nEOM\n    exit 1\nfi\n";
			showEnvVarsInLog = 0;
		};
		A00358E695B5D790781D2A53 /* [CP] Check Pods Manifest.lock */ = {
			isa = PBXShellScriptBuildPhase;
			buildActionMask = 2147483647;
			files = (
			);
			inputPaths = (
			);
			name = "[CP] Check Pods Manifest.lock";
			outputPaths = (
			);
			runOnlyForDeploymentPostprocessing = 0;
			shellPath = /bin/sh;
			shellScript = "diff \"${PODS_ROOT}/../Podfile.lock\" \"${PODS_ROOT}/Manifest.lock\" > /dev/null\nif [[ $? != 0 ]] ; then\n    cat << EOM\nerror: The sandbox is not in sync with the Podfile.lock. Run 'pod install' or update your CocoaPods installation.\nEOM\n    exit 1\nfi\n";
			showEnvVarsInLog = 0;
		};
		DE2739B3A85F0156F2DDA43C /* [CP] Embed Pods Frameworks */ = {
			isa = PBXShellScriptBuildPhase;
			buildActionMask = 2147483647;
			files = (
			);
			inputPaths = (
			);
			name = "[CP] Embed Pods Frameworks";
			outputPaths = (
			);
			runOnlyForDeploymentPostprocessing = 0;
			shellPath = /bin/sh;
			shellScript = "\"${SRCROOT}/Pods/Target Support Files/Pods-AncileContinuousLocationStudyTests/Pods-AncileContinuousLocationStudyTests-frameworks.sh\"\n";
			showEnvVarsInLog = 0;
		};
		EA0D497DAC9EAAB074AD2E12 /* [CP] Embed Pods Frameworks */ = {
			isa = PBXShellScriptBuildPhase;
			buildActionMask = 2147483647;
			files = (
			);
			inputPaths = (
			);
			name = "[CP] Embed Pods Frameworks";
			outputPaths = (
			);
			runOnlyForDeploymentPostprocessing = 0;
			shellPath = /bin/sh;
			shellScript = "\"${SRCROOT}/Pods/Target Support Files/Pods-AncileContinuousLocationStudy/Pods-AncileContinuousLocationStudy-frameworks.sh\"\n";
			showEnvVarsInLog = 0;
		};
		ED56FDD4830E1DD9E3574FC2 /* [CP] Copy Pods Resources */ = {
			isa = PBXShellScriptBuildPhase;
			buildActionMask = 2147483647;
			files = (
			);
			inputPaths = (
			);
			name = "[CP] Copy Pods Resources";
			outputPaths = (
			);
			runOnlyForDeploymentPostprocessing = 0;
			shellPath = /bin/sh;
			shellScript = "\"${SRCROOT}/Pods/Target Support Files/Pods-AncileContinuousLocationStudy/Pods-AncileContinuousLocationStudy-resources.sh\"\n";
			showEnvVarsInLog = 0;
		};
/* End PBXShellScriptBuildPhase section */

/* Begin PBXSourcesBuildPhase section */
		CFED4F621F267B7B006D9C22 /* Sources */ = {
			isa = PBXSourcesBuildPhase;
			buildActionMask = 2147483647;
			files = (
				CFED4FA41F268459006D9C22 /* ANCAuthStepGenerator.swift in Sources */,
				CFED4FAE1F268459006D9C22 /* ANCRedirectStepDelegate.swift in Sources */,
				CFED4FA71F268459006D9C22 /* AncileStudyServerClient.swift in Sources */,
				CFED4FB31F268459006D9C22 /* ANCWeeklySurveyResult+OMHDatapoint.swift in Sources */,
				CFED4FA91F268459006D9C22 /* ANCOhmageAuthDelegate.swift in Sources */,
				CF39FE5D1F2F92DD0056E010 /* SplashViewController.swift in Sources */,
				CFED4FAD1F268459006D9C22 /* ANCRedirectStep.swift in Sources */,
				CF02C0AE1F27CF9300271928 /* LogicalLocationSample.swift in Sources */,
				CFED4FB01F268459006D9C22 /* ANCRedirectStepViewController.swift in Sources */,
				CFED4FB21F268459006D9C22 /* ANCWeeklySurveyResult.swift in Sources */,
				CFED4FB41F268459006D9C22 /* AppDelegate.swift in Sources */,
				CFED4FA81F268459006D9C22 /* AncileStudyServerClientError.swift in Sources */,
				CF02C0AC1F27CF7D00271928 /* LocationSample.swift in Sources */,
				CFED4FAB1F268459006D9C22 /* ANCOpenURLDelegate.swift in Sources */,
				CFED4FAF1F268459006D9C22 /* ANCRedirectStepDescriptor.swift in Sources */,
				CFED4FAA1F268459006D9C22 /* ANCOnboardingViewController.swift in Sources */,
				CFED4FA11F268459006D9C22 /* ANCActivity.swift in Sources */,
				CFED4FA31F268459006D9C22 /* ANCAncileAuthDelegate.swift in Sources */,
				CFED4FAC1F268459006D9C22 /* ANCOpenURLManager.swift in Sources */,
				CFED4FA51F268459006D9C22 /* ANCConsentDocument.swift in Sources */,
				CFED4FA61F268459006D9C22 /* ANCCoreAuthDelegate.swift in Sources */,
				CFED4FB11F268459006D9C22 /* ANCStore.swift in Sources */,
				CFED4FA21F268459006D9C22 /* ANCActivityManager.swift in Sources */,
				CF39FE5F1F2F92F50056E010 /* SettingsViewController.swift in Sources */,
			);
			runOnlyForDeploymentPostprocessing = 0;
		};
		CFED4F791F267B7B006D9C22 /* Sources */ = {
			isa = PBXSourcesBuildPhase;
			buildActionMask = 2147483647;
			files = (
				CFED4F821F267B7B006D9C22 /* AncileContinuousLocationStudyTests.swift in Sources */,
			);
			runOnlyForDeploymentPostprocessing = 0;
		};
/* End PBXSourcesBuildPhase section */

/* Begin PBXTargetDependency section */
		CFED4F7F1F267B7B006D9C22 /* PBXTargetDependency */ = {
			isa = PBXTargetDependency;
			target = CFED4F651F267B7B006D9C22 /* AncileContinuousLocationStudy */;
			targetProxy = CFED4F7E1F267B7B006D9C22 /* PBXContainerItemProxy */;
		};
/* End PBXTargetDependency section */

/* Begin PBXVariantGroup section */
		CFED4F751F267B7B006D9C22 /* LaunchScreen.storyboard */ = {
			isa = PBXVariantGroup;
			children = (
				CFED4F761F267B7B006D9C22 /* Base */,
			);
			name = LaunchScreen.storyboard;
			sourceTree = "<group>";
		};
		CFED4FB51F26847A006D9C22 /* Main.storyboard */ = {
			isa = PBXVariantGroup;
			children = (
				CFED4FB61F26847A006D9C22 /* Base */,
			);
			name = Main.storyboard;
			sourceTree = "<group>";
		};
/* End PBXVariantGroup section */

/* Begin XCBuildConfiguration section */
		CFED4F841F267B7B006D9C22 /* Debug */ = {
			isa = XCBuildConfiguration;
			buildSettings = {
				ALWAYS_SEARCH_USER_PATHS = NO;
				CLANG_ANALYZER_NONNULL = YES;
				CLANG_ANALYZER_NUMBER_OBJECT_CONVERSION = YES_AGGRESSIVE;
				CLANG_CXX_LANGUAGE_STANDARD = "gnu++0x";
				CLANG_CXX_LIBRARY = "libc++";
				CLANG_ENABLE_MODULES = YES;
				CLANG_ENABLE_OBJC_ARC = YES;
				CLANG_WARN_BOOL_CONVERSION = YES;
				CLANG_WARN_CONSTANT_CONVERSION = YES;
				CLANG_WARN_DIRECT_OBJC_ISA_USAGE = YES_ERROR;
				CLANG_WARN_DOCUMENTATION_COMMENTS = YES;
				CLANG_WARN_EMPTY_BODY = YES;
				CLANG_WARN_ENUM_CONVERSION = YES;
				CLANG_WARN_INFINITE_RECURSION = YES;
				CLANG_WARN_INT_CONVERSION = YES;
				CLANG_WARN_OBJC_ROOT_CLASS = YES_ERROR;
				CLANG_WARN_SUSPICIOUS_MOVE = YES;
				CLANG_WARN_UNREACHABLE_CODE = YES;
				CLANG_WARN__DUPLICATE_METHOD_MATCH = YES;
				"CODE_SIGN_IDENTITY[sdk=iphoneos*]" = "iPhone Developer";
				COPY_PHASE_STRIP = NO;
				DEBUG_INFORMATION_FORMAT = dwarf;
				ENABLE_STRICT_OBJC_MSGSEND = YES;
				ENABLE_TESTABILITY = YES;
				GCC_C_LANGUAGE_STANDARD = gnu99;
				GCC_DYNAMIC_NO_PIC = NO;
				GCC_NO_COMMON_BLOCKS = YES;
				GCC_OPTIMIZATION_LEVEL = 0;
				GCC_PREPROCESSOR_DEFINITIONS = (
					"DEBUG=1",
					"$(inherited)",
				);
				GCC_WARN_64_TO_32_BIT_CONVERSION = YES;
				GCC_WARN_ABOUT_RETURN_TYPE = YES_ERROR;
				GCC_WARN_UNDECLARED_SELECTOR = YES;
				GCC_WARN_UNINITIALIZED_AUTOS = YES_AGGRESSIVE;
				GCC_WARN_UNUSED_FUNCTION = YES;
				GCC_WARN_UNUSED_VARIABLE = YES;
				IPHONEOS_DEPLOYMENT_TARGET = 10.3;
				MTL_ENABLE_DEBUG_INFO = YES;
				ONLY_ACTIVE_ARCH = YES;
				SDKROOT = iphoneos;
				SWIFT_ACTIVE_COMPILATION_CONDITIONS = DEBUG;
				SWIFT_OPTIMIZATION_LEVEL = "-Onone";
			};
			name = Debug;
		};
		CFED4F851F267B7B006D9C22 /* Release */ = {
			isa = XCBuildConfiguration;
			buildSettings = {
				ALWAYS_SEARCH_USER_PATHS = NO;
				CLANG_ANALYZER_NONNULL = YES;
				CLANG_ANALYZER_NUMBER_OBJECT_CONVERSION = YES_AGGRESSIVE;
				CLANG_CXX_LANGUAGE_STANDARD = "gnu++0x";
				CLANG_CXX_LIBRARY = "libc++";
				CLANG_ENABLE_MODULES = YES;
				CLANG_ENABLE_OBJC_ARC = YES;
				CLANG_WARN_BOOL_CONVERSION = YES;
				CLANG_WARN_CONSTANT_CONVERSION = YES;
				CLANG_WARN_DIRECT_OBJC_ISA_USAGE = YES_ERROR;
				CLANG_WARN_DOCUMENTATION_COMMENTS = YES;
				CLANG_WARN_EMPTY_BODY = YES;
				CLANG_WARN_ENUM_CONVERSION = YES;
				CLANG_WARN_INFINITE_RECURSION = YES;
				CLANG_WARN_INT_CONVERSION = YES;
				CLANG_WARN_OBJC_ROOT_CLASS = YES_ERROR;
				CLANG_WARN_SUSPICIOUS_MOVE = YES;
				CLANG_WARN_UNREACHABLE_CODE = YES;
				CLANG_WARN__DUPLICATE_METHOD_MATCH = YES;
				"CODE_SIGN_IDENTITY[sdk=iphoneos*]" = "iPhone Developer";
				COPY_PHASE_STRIP = NO;
				DEBUG_INFORMATION_FORMAT = "dwarf-with-dsym";
				ENABLE_NS_ASSERTIONS = NO;
				ENABLE_STRICT_OBJC_MSGSEND = YES;
				GCC_C_LANGUAGE_STANDARD = gnu99;
				GCC_NO_COMMON_BLOCKS = YES;
				GCC_WARN_64_TO_32_BIT_CONVERSION = YES;
				GCC_WARN_ABOUT_RETURN_TYPE = YES_ERROR;
				GCC_WARN_UNDECLARED_SELECTOR = YES;
				GCC_WARN_UNINITIALIZED_AUTOS = YES_AGGRESSIVE;
				GCC_WARN_UNUSED_FUNCTION = YES;
				GCC_WARN_UNUSED_VARIABLE = YES;
				IPHONEOS_DEPLOYMENT_TARGET = 10.3;
				MTL_ENABLE_DEBUG_INFO = NO;
				SDKROOT = iphoneos;
				SWIFT_OPTIMIZATION_LEVEL = "-Owholemodule";
				VALIDATE_PRODUCT = YES;
			};
			name = Release;
		};
		CFED4F871F267B7B006D9C22 /* Debug */ = {
			isa = XCBuildConfiguration;
			baseConfigurationReference = C98F9C652BEF0774A2DD9E8A /* Pods-AncileContinuousLocationStudy.debug.xcconfig */;
			buildSettings = {
				ASSETCATALOG_COMPILER_APPICON_NAME = AppIcon;
				CLANG_ENABLE_MODULES = YES;
				CODE_SIGN_ENTITLEMENTS = AncileContinuousLocationStudy/AncileContinuousLocationStudy.entitlements;
				DEVELOPMENT_TEAM = E8AN4S9FD3;
				INFOPLIST_FILE = AncileContinuousLocationStudy/Info.plist;
				LD_RUNPATH_SEARCH_PATHS = "$(inherited) @executable_path/Frameworks";
				PRODUCT_BUNDLE_IDENTIFIER = io.smalldata.AncileContinuousLocationStudy;
				PRODUCT_NAME = "$(TARGET_NAME)";
				SWIFT_INSTALL_OBJC_HEADER = NO;
				SWIFT_OBJC_BRIDGING_HEADER = "";
				SWIFT_OPTIMIZATION_LEVEL = "-Onone";
				SWIFT_VERSION = 3.0;
			};
			name = Debug;
		};
		CFED4F881F267B7B006D9C22 /* Release */ = {
			isa = XCBuildConfiguration;
			baseConfigurationReference = A7B58343BD429343C7BD1AD6 /* Pods-AncileContinuousLocationStudy.release.xcconfig */;
			buildSettings = {
				ASSETCATALOG_COMPILER_APPICON_NAME = AppIcon;
				CLANG_ENABLE_MODULES = YES;
				CODE_SIGN_ENTITLEMENTS = AncileContinuousLocationStudy/AncileContinuousLocationStudy.entitlements;
				DEVELOPMENT_TEAM = E8AN4S9FD3;
				INFOPLIST_FILE = AncileContinuousLocationStudy/Info.plist;
				LD_RUNPATH_SEARCH_PATHS = "$(inherited) @executable_path/Frameworks";
				PRODUCT_BUNDLE_IDENTIFIER = io.smalldata.AncileContinuousLocationStudy;
				PRODUCT_NAME = "$(TARGET_NAME)";
				SWIFT_INSTALL_OBJC_HEADER = NO;
				SWIFT_OBJC_BRIDGING_HEADER = "";
				SWIFT_VERSION = 3.0;
			};
			name = Release;
		};
		CFED4F8A1F267B7B006D9C22 /* Debug */ = {
			isa = XCBuildConfiguration;
			baseConfigurationReference = 7680DD60C8DBC67ABE7E3462 /* Pods-AncileContinuousLocationStudyTests.debug.xcconfig */;
			buildSettings = {
				ALWAYS_EMBED_SWIFT_STANDARD_LIBRARIES = YES;
				BUNDLE_LOADER = "$(TEST_HOST)";
				INFOPLIST_FILE = AncileContinuousLocationStudyTests/Info.plist;
				LD_RUNPATH_SEARCH_PATHS = "$(inherited) @executable_path/Frameworks @loader_path/Frameworks";
				PRODUCT_BUNDLE_IDENTIFIER = io.smalldata.AncileContinuousLocationStudyTests;
				PRODUCT_NAME = "$(TARGET_NAME)";
				SWIFT_VERSION = 3.0;
				TEST_HOST = "$(BUILT_PRODUCTS_DIR)/AncileContinuousLocationStudy.app/AncileContinuousLocationStudy";
			};
			name = Debug;
		};
		CFED4F8B1F267B7B006D9C22 /* Release */ = {
			isa = XCBuildConfiguration;
			baseConfigurationReference = 079F68772BAB09D5BB865050 /* Pods-AncileContinuousLocationStudyTests.release.xcconfig */;
			buildSettings = {
				ALWAYS_EMBED_SWIFT_STANDARD_LIBRARIES = YES;
				BUNDLE_LOADER = "$(TEST_HOST)";
				INFOPLIST_FILE = AncileContinuousLocationStudyTests/Info.plist;
				LD_RUNPATH_SEARCH_PATHS = "$(inherited) @executable_path/Frameworks @loader_path/Frameworks";
				PRODUCT_BUNDLE_IDENTIFIER = io.smalldata.AncileContinuousLocationStudyTests;
				PRODUCT_NAME = "$(TARGET_NAME)";
				SWIFT_VERSION = 3.0;
				TEST_HOST = "$(BUILT_PRODUCTS_DIR)/AncileContinuousLocationStudy.app/AncileContinuousLocationStudy";
			};
			name = Release;
		};
/* End XCBuildConfiguration section */

/* Begin XCConfigurationList section */
		CFED4F611F267B7B006D9C22 /* Build configuration list for PBXProject "AncileContinuousLocationStudy" */ = {
			isa = XCConfigurationList;
			buildConfigurations = (
				CFED4F841F267B7B006D9C22 /* Debug */,
				CFED4F851F267B7B006D9C22 /* Release */,
			);
			defaultConfigurationIsVisible = 0;
			defaultConfigurationName = Release;
		};
		CFED4F861F267B7B006D9C22 /* Build configuration list for PBXNativeTarget "AncileContinuousLocationStudy" */ = {
			isa = XCConfigurationList;
			buildConfigurations = (
				CFED4F871F267B7B006D9C22 /* Debug */,
				CFED4F881F267B7B006D9C22 /* Release */,
			);
			defaultConfigurationIsVisible = 0;
			defaultConfigurationName = Release;
		};
		CFED4F891F267B7B006D9C22 /* Build configuration list for PBXNativeTarget "AncileContinuousLocationStudyTests" */ = {
			isa = XCConfigurationList;
			buildConfigurations = (
				CFED4F8A1F267B7B006D9C22 /* Debug */,
				CFED4F8B1F267B7B006D9C22 /* Release */,
			);
			defaultConfigurationIsVisible = 0;
			defaultConfigurationName = Release;
		};
/* End XCConfigurationList section */
	};
	rootObject = CFED4F5E1F267B7B006D9C22 /* Project object */;
}
